// !$*UTF8*$!
{
	archiveVersion = 1;
	classes = {
	};
	objectVersion = 46;
	objects = {

/* Begin PBXBuildFile section */
		1E54065A1B5EDD93002D7E7D /* UserDetailsViewController.swift in Sources */ = {isa = PBXBuildFile; fileRef = 1E5406591B5EDD93002D7E7D /* UserDetailsViewController.swift */; };
		1E6E7F591B5EEB6E005923B1 /* IntCounterView.swift in Sources */ = {isa = PBXBuildFile; fileRef = 1E6E7F581B5EEB6E005923B1 /* IntCounterView.swift */; };
		1E6E7F751B5EFD68005923B1 /* Blogger Sans-Bold Italic.ttf in Resources */ = {isa = PBXBuildFile; fileRef = 1E6E7F6D1B5EFD68005923B1 /* Blogger Sans-Bold Italic.ttf */; };
		1E6E7F761B5EFD68005923B1 /* Blogger Sans-Bold.ttf in Resources */ = {isa = PBXBuildFile; fileRef = 1E6E7F6E1B5EFD68005923B1 /* Blogger Sans-Bold.ttf */; };
		1E6E7F771B5EFD68005923B1 /* Blogger Sans-Italic.ttf in Resources */ = {isa = PBXBuildFile; fileRef = 1E6E7F6F1B5EFD68005923B1 /* Blogger Sans-Italic.ttf */; };
		1E6E7F781B5EFD68005923B1 /* Blogger Sans-Light Italic.ttf in Resources */ = {isa = PBXBuildFile; fileRef = 1E6E7F701B5EFD68005923B1 /* Blogger Sans-Light Italic.ttf */; };
		1E6E7F791B5EFD68005923B1 /* Blogger Sans-Light.ttf in Resources */ = {isa = PBXBuildFile; fileRef = 1E6E7F711B5EFD68005923B1 /* Blogger Sans-Light.ttf */; };
		1E6E7F7A1B5EFD68005923B1 /* Blogger Sans-Medium Italic.ttf in Resources */ = {isa = PBXBuildFile; fileRef = 1E6E7F721B5EFD68005923B1 /* Blogger Sans-Medium Italic.ttf */; };
		1E6E7F7B1B5EFD68005923B1 /* Blogger Sans-Medium.ttf in Resources */ = {isa = PBXBuildFile; fileRef = 1E6E7F731B5EFD68005923B1 /* Blogger Sans-Medium.ttf */; };
		1E6E7F7C1B5EFD68005923B1 /* Blogger Sans.ttf in Resources */ = {isa = PBXBuildFile; fileRef = 1E6E7F741B5EFD68005923B1 /* Blogger Sans.ttf */; };
		1EFE1C6E1B56966000396594 /* AppDelegate.swift in Sources */ = {isa = PBXBuildFile; fileRef = 1EFE1C6D1B56966000396594 /* AppDelegate.swift */; };
		1EFE1C701B56966000396594 /* SelfFeedViewController.swift in Sources */ = {isa = PBXBuildFile; fileRef = 1EFE1C6F1B56966000396594 /* SelfFeedViewController.swift */; };
		1EFE1C751B56966000396594 /* Main.storyboard in Resources */ = {isa = PBXBuildFile; fileRef = 1EFE1C731B56966000396594 /* Main.storyboard */; };
		1EFE1C771B56966000396594 /* Images.xcassets in Resources */ = {isa = PBXBuildFile; fileRef = 1EFE1C761B56966000396594 /* Images.xcassets */; };
		1EFE1C7A1B56966000396594 /* LaunchScreen.xib in Resources */ = {isa = PBXBuildFile; fileRef = 1EFE1C781B56966000396594 /* LaunchScreen.xib */; };
		1EFE1C861B56966000396594 /* CSSDemoTests.swift in Sources */ = {isa = PBXBuildFile; fileRef = 1EFE1C851B56966000396594 /* CSSDemoTests.swift */; };
		1EFE1D2E1B59707A00396594 /* SelfFeedCollectionViewCell.swift in Sources */ = {isa = PBXBuildFile; fileRef = 1EFE1D2D1B59707A00396594 /* SelfFeedCollectionViewCell.swift */; };
		1EFE1D301B5977DB00396594 /* LoginViewController.swift in Sources */ = {isa = PBXBuildFile; fileRef = 1EFE1D2F1B5977DB00396594 /* LoginViewController.swift */; };
		1EFE1D321B59B9D800396594 /* MediaDetailViewController.swift in Sources */ = {isa = PBXBuildFile; fileRef = 1EFE1D311B59B9D800396594 /* MediaDetailViewController.swift */; };
		1EFE1D351B59C08100396594 /* CommentsViewController.swift in Sources */ = {isa = PBXBuildFile; fileRef = 1EFE1D341B59C08100396594 /* CommentsViewController.swift */; };
		1EFE1D371B59C08F00396594 /* LikesViewController.swift in Sources */ = {isa = PBXBuildFile; fileRef = 1EFE1D361B59C08F00396594 /* LikesViewController.swift */; };
		1EFE1D3A1B59C0D700396594 /* LikeTableViewCell.swift in Sources */ = {isa = PBXBuildFile; fileRef = 1EFE1D391B59C0D700396594 /* LikeTableViewCell.swift */; };
		1EFE1D3C1B59C0E200396594 /* CommentTableViewCell.swift in Sources */ = {isa = PBXBuildFile; fileRef = 1EFE1D3B1B59C0E200396594 /* CommentTableViewCell.swift */; };
		8E0FA7BE29034C452D6A3771 /* Pods_CSSDemo.framework in Frameworks */ = {isa = PBXBuildFile; fileRef = 7A2C5BA0E003E9523A56214E /* Pods_CSSDemo.framework */; settings = {ATTRIBUTES = (Weak, ); }; };
/* End PBXBuildFile section */

/* Begin PBXContainerItemProxy section */
		1EFE1C801B56966000396594 /* PBXContainerItemProxy */ = {
			isa = PBXContainerItemProxy;
			containerPortal = 1EFE1C601B56966000396594 /* Project object */;
			proxyType = 1;
			remoteGlobalIDString = 1EFE1C671B56966000396594;
			remoteInfo = CSSDemo;
		};
/* End PBXContainerItemProxy section */

/* Begin PBXFileReference section */
		1E5406591B5EDD93002D7E7D /* UserDetailsViewController.swift */ = {isa = PBXFileReference; fileEncoding = 4; lastKnownFileType = sourcecode.swift; path = UserDetailsViewController.swift; sourceTree = "<group>"; };
		1E6E7F581B5EEB6E005923B1 /* IntCounterView.swift */ = {isa = PBXFileReference; fileEncoding = 4; lastKnownFileType = sourcecode.swift; path = IntCounterView.swift; sourceTree = "<group>"; };
		1E6E7F6D1B5EFD68005923B1 /* Blogger Sans-Bold Italic.ttf */ = {isa = PBXFileReference; lastKnownFileType = file; name = "Blogger Sans-Bold Italic.ttf"; path = "CSSDemo/Fonts/Blogger Sans-Bold Italic.ttf"; sourceTree = SOURCE_ROOT; };
		1E6E7F6E1B5EFD68005923B1 /* Blogger Sans-Bold.ttf */ = {isa = PBXFileReference; lastKnownFileType = file; name = "Blogger Sans-Bold.ttf"; path = "CSSDemo/Fonts/Blogger Sans-Bold.ttf"; sourceTree = SOURCE_ROOT; };
		1E6E7F6F1B5EFD68005923B1 /* Blogger Sans-Italic.ttf */ = {isa = PBXFileReference; lastKnownFileType = file; name = "Blogger Sans-Italic.ttf"; path = "CSSDemo/Fonts/Blogger Sans-Italic.ttf"; sourceTree = SOURCE_ROOT; };
		1E6E7F701B5EFD68005923B1 /* Blogger Sans-Light Italic.ttf */ = {isa = PBXFileReference; lastKnownFileType = file; name = "Blogger Sans-Light Italic.ttf"; path = "CSSDemo/Fonts/Blogger Sans-Light Italic.ttf"; sourceTree = SOURCE_ROOT; };
		1E6E7F711B5EFD68005923B1 /* Blogger Sans-Light.ttf */ = {isa = PBXFileReference; lastKnownFileType = file; name = "Blogger Sans-Light.ttf"; path = "CSSDemo/Fonts/Blogger Sans-Light.ttf"; sourceTree = SOURCE_ROOT; };
		1E6E7F721B5EFD68005923B1 /* Blogger Sans-Medium Italic.ttf */ = {isa = PBXFileReference; lastKnownFileType = file; name = "Blogger Sans-Medium Italic.ttf"; path = "CSSDemo/Fonts/Blogger Sans-Medium Italic.ttf"; sourceTree = SOURCE_ROOT; };
		1E6E7F731B5EFD68005923B1 /* Blogger Sans-Medium.ttf */ = {isa = PBXFileReference; lastKnownFileType = file; name = "Blogger Sans-Medium.ttf"; path = "CSSDemo/Fonts/Blogger Sans-Medium.ttf"; sourceTree = SOURCE_ROOT; };
		1E6E7F741B5EFD68005923B1 /* Blogger Sans.ttf */ = {isa = PBXFileReference; lastKnownFileType = file; name = "Blogger Sans.ttf"; path = "CSSDemo/Fonts/Blogger Sans.ttf"; sourceTree = SOURCE_ROOT; };
		1EFE1C681B56966000396594 /* CSSDemo.app */ = {isa = PBXFileReference; explicitFileType = wrapper.application; includeInIndex = 0; path = CSSDemo.app; sourceTree = BUILT_PRODUCTS_DIR; };
		1EFE1C6C1B56966000396594 /* Info.plist */ = {isa = PBXFileReference; lastKnownFileType = text.plist.xml; path = Info.plist; sourceTree = "<group>"; };
		1EFE1C6D1B56966000396594 /* AppDelegate.swift */ = {isa = PBXFileReference; lastKnownFileType = sourcecode.swift; path = AppDelegate.swift; sourceTree = "<group>"; };
		1EFE1C6F1B56966000396594 /* SelfFeedViewController.swift */ = {isa = PBXFileReference; lastKnownFileType = sourcecode.swift; path = SelfFeedViewController.swift; sourceTree = "<group>"; };
		1EFE1C741B56966000396594 /* Base */ = {isa = PBXFileReference; lastKnownFileType = file.storyboard; name = Base; path = Base.lproj/Main.storyboard; sourceTree = "<group>"; };
		1EFE1C761B56966000396594 /* Images.xcassets */ = {isa = PBXFileReference; lastKnownFileType = folder.assetcatalog; path = Images.xcassets; sourceTree = "<group>"; };
		1EFE1C791B56966000396594 /* Base */ = {isa = PBXFileReference; lastKnownFileType = file.xib; name = Base; path = Base.lproj/LaunchScreen.xib; sourceTree = "<group>"; };
		1EFE1C7F1B56966000396594 /* CSSDemoTests.xctest */ = {isa = PBXFileReference; explicitFileType = wrapper.cfbundle; includeInIndex = 0; path = CSSDemoTests.xctest; sourceTree = BUILT_PRODUCTS_DIR; };
		1EFE1C841B56966000396594 /* Info.plist */ = {isa = PBXFileReference; lastKnownFileType = text.plist.xml; path = Info.plist; sourceTree = "<group>"; };
		1EFE1C851B56966000396594 /* CSSDemoTests.swift */ = {isa = PBXFileReference; lastKnownFileType = sourcecode.swift; path = CSSDemoTests.swift; sourceTree = "<group>"; };
		1EFE1D2D1B59707A00396594 /* SelfFeedCollectionViewCell.swift */ = {isa = PBXFileReference; fileEncoding = 4; lastKnownFileType = sourcecode.swift; path = SelfFeedCollectionViewCell.swift; sourceTree = "<group>"; };
		1EFE1D2F1B5977DB00396594 /* LoginViewController.swift */ = {isa = PBXFileReference; fileEncoding = 4; lastKnownFileType = sourcecode.swift; path = LoginViewController.swift; sourceTree = "<group>"; };
		1EFE1D311B59B9D800396594 /* MediaDetailViewController.swift */ = {isa = PBXFileReference; fileEncoding = 4; lastKnownFileType = sourcecode.swift; path = MediaDetailViewController.swift; sourceTree = "<group>"; };
		1EFE1D341B59C08100396594 /* CommentsViewController.swift */ = {isa = PBXFileReference; fileEncoding = 4; lastKnownFileType = sourcecode.swift; path = CommentsViewController.swift; sourceTree = "<group>"; };
		1EFE1D361B59C08F00396594 /* LikesViewController.swift */ = {isa = PBXFileReference; fileEncoding = 4; lastKnownFileType = sourcecode.swift; path = LikesViewController.swift; sourceTree = "<group>"; };
		1EFE1D391B59C0D700396594 /* LikeTableViewCell.swift */ = {isa = PBXFileReference; fileEncoding = 4; lastKnownFileType = sourcecode.swift; path = LikeTableViewCell.swift; sourceTree = "<group>"; };
		1EFE1D3B1B59C0E200396594 /* CommentTableViewCell.swift */ = {isa = PBXFileReference; fileEncoding = 4; lastKnownFileType = sourcecode.swift; path = CommentTableViewCell.swift; sourceTree = "<group>"; };
		22662A5B89A933D73DE3DAE4 /* Pods-CSSDemo.debug.xcconfig */ = {isa = PBXFileReference; includeInIndex = 1; lastKnownFileType = text.xcconfig; name = "Pods-CSSDemo.debug.xcconfig"; path = "Pods/Target Support Files/Pods-CSSDemo/Pods-CSSDemo.debug.xcconfig"; sourceTree = "<group>"; };
		7A2C5BA0E003E9523A56214E /* Pods_CSSDemo.framework */ = {isa = PBXFileReference; explicitFileType = wrapper.framework; includeInIndex = 0; path = Pods_CSSDemo.framework; sourceTree = BUILT_PRODUCTS_DIR; };
		8367AF4A7A56C63A92F48C59 /* Pods-CSSDemo.release.xcconfig */ = {isa = PBXFileReference; includeInIndex = 1; lastKnownFileType = text.xcconfig; name = "Pods-CSSDemo.release.xcconfig"; path = "Pods/Target Support Files/Pods-CSSDemo/Pods-CSSDemo.release.xcconfig"; sourceTree = "<group>"; };
/* End PBXFileReference section */

/* Begin PBXFrameworksBuildPhase section */
		1EFE1C651B56966000396594 /* Frameworks */ = {
			isa = PBXFrameworksBuildPhase;
			buildActionMask = 2147483647;
			files = (
				8E0FA7BE29034C452D6A3771 /* Pods_CSSDemo.framework in Frameworks */,
			);
			runOnlyForDeploymentPostprocessing = 0;
		};
		1EFE1C7C1B56966000396594 /* Frameworks */ = {
			isa = PBXFrameworksBuildPhase;
			buildActionMask = 2147483647;
			files = (
			);
			runOnlyForDeploymentPostprocessing = 0;
		};
/* End PBXFrameworksBuildPhase section */

/* Begin PBXGroup section */
		1E6E7F5A1B5EEB72005923B1 /* UserDetails */ = {
			isa = PBXGroup;
			children = (
				1E5406591B5EDD93002D7E7D /* UserDetailsViewController.swift */,
				1E6E7F581B5EEB6E005923B1 /* IntCounterView.swift */,
			);
			name = UserDetails;
			sourceTree = "<group>";
		};
		1E6E7F5B1B5EFD2F005923B1 /* Resources */ = {
			isa = PBXGroup;
			children = (
				1E6E7F6C1B5EFD47005923B1 /* Fonts */,
			);
			name = Resources;
			path = "OT-tt";
			sourceTree = "<group>";
		};
		1E6E7F6C1B5EFD47005923B1 /* Fonts */ = {
			isa = PBXGroup;
			children = (
				1E6E7F6D1B5EFD68005923B1 /* Blogger Sans-Bold Italic.ttf */,
				1E6E7F6E1B5EFD68005923B1 /* Blogger Sans-Bold.ttf */,
				1E6E7F6F1B5EFD68005923B1 /* Blogger Sans-Italic.ttf */,
				1E6E7F701B5EFD68005923B1 /* Blogger Sans-Light Italic.ttf */,
				1E6E7F711B5EFD68005923B1 /* Blogger Sans-Light.ttf */,
				1E6E7F721B5EFD68005923B1 /* Blogger Sans-Medium Italic.ttf */,
				1E6E7F731B5EFD68005923B1 /* Blogger Sans-Medium.ttf */,
				1E6E7F741B5EFD68005923B1 /* Blogger Sans.ttf */,
			);
			name = Fonts;
			sourceTree = "<group>";
		};
		1EFE1C5F1B56966000396594 = {
			isa = PBXGroup;
			children = (
				1EFE1C6A1B56966000396594 /* CSSDemo */,
				1EFE1C821B56966000396594 /* CSSDemoTests */,
				1EFE1C691B56966000396594 /* Products */,
				434ED883399BFF46CDEDF52A /* Pods */,
				380A5698671B6E792549CEDD /* Frameworks */,
			);
			sourceTree = "<group>";
		};
		1EFE1C691B56966000396594 /* Products */ = {
			isa = PBXGroup;
			children = (
				1EFE1C681B56966000396594 /* CSSDemo.app */,
				1EFE1C7F1B56966000396594 /* CSSDemoTests.xctest */,
			);
			name = Products;
			sourceTree = "<group>";
		};
		1EFE1C6A1B56966000396594 /* CSSDemo */ = {
			isa = PBXGroup;
			children = (
				1EFE1C6D1B56966000396594 /* AppDelegate.swift */,
				1EFE1D2F1B5977DB00396594 /* LoginViewController.swift */,
				1E6E7F5A1B5EEB72005923B1 /* UserDetails */,
				1EFE1D331B59C05B00396594 /* Self Feed */,
				1EFE1D381B59C0A000396594 /* Media Details */,
				1EFE1C731B56966000396594 /* Main.storyboard */,
				1EFE1C761B56966000396594 /* Images.xcassets */,
				1EFE1C781B56966000396594 /* LaunchScreen.xib */,
				1E6E7F5B1B5EFD2F005923B1 /* Resources */,
				1EFE1C6B1B56966000396594 /* Supporting Files */,
			);
			path = CSSDemo;
			sourceTree = "<group>";
		};
		1EFE1C6B1B56966000396594 /* Supporting Files */ = {
			isa = PBXGroup;
			children = (
				1EFE1C6C1B56966000396594 /* Info.plist */,
			);
			name = "Supporting Files";
			sourceTree = "<group>";
		};
		1EFE1C821B56966000396594 /* CSSDemoTests */ = {
			isa = PBXGroup;
			children = (
				1EFE1C851B56966000396594 /* CSSDemoTests.swift */,
				1EFE1C831B56966000396594 /* Supporting Files */,
			);
			path = CSSDemoTests;
			sourceTree = "<group>";
		};
		1EFE1C831B56966000396594 /* Supporting Files */ = {
			isa = PBXGroup;
			children = (
				1EFE1C841B56966000396594 /* Info.plist */,
			);
			name = "Supporting Files";
			sourceTree = "<group>";
		};
		1EFE1D331B59C05B00396594 /* Self Feed */ = {
			isa = PBXGroup;
			children = (
				1EFE1C6F1B56966000396594 /* SelfFeedViewController.swift */,
				1EFE1D2D1B59707A00396594 /* SelfFeedCollectionViewCell.swift */,
			);
			name = "Self Feed";
			sourceTree = "<group>";
		};
		1EFE1D381B59C0A000396594 /* Media Details */ = {
			isa = PBXGroup;
			children = (
				1EFE1D311B59B9D800396594 /* MediaDetailViewController.swift */,
				1EFE1D3E1B59C0F400396594 /* Likes */,
				1EFE1D3D1B59C0EB00396594 /* Comments */,
			);
			name = "Media Details";
			sourceTree = "<group>";
		};
		1EFE1D3D1B59C0EB00396594 /* Comments */ = {
			isa = PBXGroup;
			children = (
				1EFE1D341B59C08100396594 /* CommentsViewController.swift */,
				1EFE1D3B1B59C0E200396594 /* CommentTableViewCell.swift */,
			);
			name = Comments;
			sourceTree = "<group>";
		};
		1EFE1D3E1B59C0F400396594 /* Likes */ = {
			isa = PBXGroup;
			children = (
				1EFE1D361B59C08F00396594 /* LikesViewController.swift */,
				1EFE1D391B59C0D700396594 /* LikeTableViewCell.swift */,
			);
			name = Likes;
			sourceTree = "<group>";
		};
		380A5698671B6E792549CEDD /* Frameworks */ = {
			isa = PBXGroup;
			children = (
				7A2C5BA0E003E9523A56214E /* Pods_CSSDemo.framework */,
			);
			name = Frameworks;
			sourceTree = "<group>";
		};
		434ED883399BFF46CDEDF52A /* Pods */ = {
			isa = PBXGroup;
			children = (
				22662A5B89A933D73DE3DAE4 /* Pods-CSSDemo.debug.xcconfig */,
				8367AF4A7A56C63A92F48C59 /* Pods-CSSDemo.release.xcconfig */,
			);
			name = Pods;
			sourceTree = "<group>";
		};
/* End PBXGroup section */

/* Begin PBXNativeTarget section */
		1EFE1C671B56966000396594 /* CSSDemo */ = {
			isa = PBXNativeTarget;
			buildConfigurationList = 1EFE1C891B56966000396594 /* Build configuration list for PBXNativeTarget "CSSDemo" */;
			buildPhases = (
				2CD8ABD4C08FD6FCC9FE4DAB /* Check Pods Manifest.lock */,
				1EFE1C641B56966000396594 /* Sources */,
				1EFE1C651B56966000396594 /* Frameworks */,
				1EFE1C661B56966000396594 /* Resources */,
				F842ED9572984A4DFE2AA984 /* Embed Pods Frameworks */,
				32CBC0D626C1953EC960FAF5 /* Copy Pods Resources */,
			);
			buildRules = (
			);
			dependencies = (
			);
			name = CSSDemo;
			productName = CSSDemo;
			productReference = 1EFE1C681B56966000396594 /* CSSDemo.app */;
			productType = "com.apple.product-type.application";
		};
		1EFE1C7E1B56966000396594 /* CSSDemoTests */ = {
			isa = PBXNativeTarget;
			buildConfigurationList = 1EFE1C8C1B56966000396594 /* Build configuration list for PBXNativeTarget "CSSDemoTests" */;
			buildPhases = (
				1EFE1C7B1B56966000396594 /* Sources */,
				1EFE1C7C1B56966000396594 /* Frameworks */,
				1EFE1C7D1B56966000396594 /* Resources */,
			);
			buildRules = (
			);
			dependencies = (
				1EFE1C811B56966000396594 /* PBXTargetDependency */,
			);
			name = CSSDemoTests;
			productName = CSSDemoTests;
			productReference = 1EFE1C7F1B56966000396594 /* CSSDemoTests.xctest */;
			productType = "com.apple.product-type.bundle.unit-test";
		};
/* End PBXNativeTarget section */

/* Begin PBXProject section */
		1EFE1C601B56966000396594 /* Project object */ = {
			isa = PBXProject;
			attributes = {
				LastUpgradeCheck = 0640;
				ORGANIZATIONNAME = "Vjacheslav Volodko";
				TargetAttributes = {
					1EFE1C671B56966000396594 = {
						CreatedOnToolsVersion = 6.4;
					};
					1EFE1C7E1B56966000396594 = {
						CreatedOnToolsVersion = 6.4;
						TestTargetID = 1EFE1C671B56966000396594;
					};
				};
			};
			buildConfigurationList = 1EFE1C631B56966000396594 /* Build configuration list for PBXProject "CSSDemo" */;
			compatibilityVersion = "Xcode 3.2";
			developmentRegion = English;
			hasScannedForEncodings = 0;
			knownRegions = (
				en,
				Base,
			);
			mainGroup = 1EFE1C5F1B56966000396594;
			productRefGroup = 1EFE1C691B56966000396594 /* Products */;
			projectDirPath = "";
			projectRoot = "";
			targets = (
				1EFE1C671B56966000396594 /* CSSDemo */,
				1EFE1C7E1B56966000396594 /* CSSDemoTests */,
			);
		};
/* End PBXProject section */

/* Begin PBXResourcesBuildPhase section */
		1EFE1C661B56966000396594 /* Resources */ = {
			isa = PBXResourcesBuildPhase;
			buildActionMask = 2147483647;
			files = (
				1E6E7F7B1B5EFD68005923B1 /* Blogger Sans-Medium.ttf in Resources */,
				1E6E7F7C1B5EFD68005923B1 /* Blogger Sans.ttf in Resources */,
				1EFE1C751B56966000396594 /* Main.storyboard in Resources */,
				1EFE1C7A1B56966000396594 /* LaunchScreen.xib in Resources */,
				1E6E7F7A1B5EFD68005923B1 /* Blogger Sans-Medium Italic.ttf in Resources */,
				1EFE1C771B56966000396594 /* Images.xcassets in Resources */,
				1E6E7F781B5EFD68005923B1 /* Blogger Sans-Light Italic.ttf in Resources */,
				1E6E7F751B5EFD68005923B1 /* Blogger Sans-Bold Italic.ttf in Resources */,
				1E6E7F761B5EFD68005923B1 /* Blogger Sans-Bold.ttf in Resources */,
				1E6E7F791B5EFD68005923B1 /* Blogger Sans-Light.ttf in Resources */,
				1E6E7F771B5EFD68005923B1 /* Blogger Sans-Italic.ttf in Resources */,
			);
			runOnlyForDeploymentPostprocessing = 0;
		};
		1EFE1C7D1B56966000396594 /* Resources */ = {
			isa = PBXResourcesBuildPhase;
			buildActionMask = 2147483647;
			files = (
			);
			runOnlyForDeploymentPostprocessing = 0;
		};
/* End PBXResourcesBuildPhase section */

/* Begin PBXShellScriptBuildPhase section */
		2CD8ABD4C08FD6FCC9FE4DAB /* Check Pods Manifest.lock */ = {
			isa = PBXShellScriptBuildPhase;
			buildActionMask = 2147483647;
			files = (
			);
			inputPaths = (
			);
			name = "Check Pods Manifest.lock";
			outputPaths = (
			);
			runOnlyForDeploymentPostprocessing = 0;
			shellPath = /bin/sh;
			shellScript = "diff \"${PODS_ROOT}/../Podfile.lock\" \"${PODS_ROOT}/Manifest.lock\" > /dev/null\nif [[ $? != 0 ]] ; then\n    cat << EOM\nerror: The sandbox is not in sync with the Podfile.lock. Run 'pod install' or update your CocoaPods installation.\nEOM\n    exit 1\nfi\n";
			showEnvVarsInLog = 0;
		};
		32CBC0D626C1953EC960FAF5 /* Copy Pods Resources */ = {
			isa = PBXShellScriptBuildPhase;
			buildActionMask = 2147483647;
			files = (
			);
			inputPaths = (
			);
			name = "Copy Pods Resources";
			outputPaths = (
			);
			runOnlyForDeploymentPostprocessing = 0;
			shellPath = /bin/sh;
			shellScript = "\"${SRCROOT}/Pods/Target Support Files/Pods-CSSDemo/Pods-CSSDemo-resources.sh\"\n";
			showEnvVarsInLog = 0;
		};
		F842ED9572984A4DFE2AA984 /* Embed Pods Frameworks */ = {
			isa = PBXShellScriptBuildPhase;
			buildActionMask = 2147483647;
			files = (
			);
			inputPaths = (
			);
			name = "Embed Pods Frameworks";
			outputPaths = (
			);
			runOnlyForDeploymentPostprocessing = 0;
			shellPath = /bin/sh;
			shellScript = "\"${SRCROOT}/Pods/Target Support Files/Pods-CSSDemo/Pods-CSSDemo-frameworks.sh\"\n";
			showEnvVarsInLog = 0;
		};
/* End PBXShellScriptBuildPhase section */

/* Begin PBXSourcesBuildPhase section */
		1EFE1C641B56966000396594 /* Sources */ = {
			isa = PBXSourcesBuildPhase;
			buildActionMask = 2147483647;
			files = (
				1EFE1D371B59C08F00396594 /* LikesViewController.swift in Sources */,
				1EFE1D321B59B9D800396594 /* MediaDetailViewController.swift in Sources */,
				1EFE1D3A1B59C0D700396594 /* LikeTableViewCell.swift in Sources */,
				1EFE1D2E1B59707A00396594 /* SelfFeedCollectionViewCell.swift in Sources */,
				1EFE1D3C1B59C0E200396594 /* CommentTableViewCell.swift in Sources */,
				1EFE1D351B59C08100396594 /* CommentsViewController.swift in Sources */,
				1EFE1C701B56966000396594 /* SelfFeedViewController.swift in Sources */,
				1EFE1D301B5977DB00396594 /* LoginViewController.swift in Sources */,
				1E6E7F591B5EEB6E005923B1 /* IntCounterView.swift in Sources */,
				1EFE1C6E1B56966000396594 /* AppDelegate.swift in Sources */,
				1E54065A1B5EDD93002D7E7D /* UserDetailsViewController.swift in Sources */,
			);
			runOnlyForDeploymentPostprocessing = 0;
		};
		1EFE1C7B1B56966000396594 /* Sources */ = {
			isa = PBXSourcesBuildPhase;
			buildActionMask = 2147483647;
			files = (
				1EFE1C861B56966000396594 /* CSSDemoTests.swift in Sources */,
			);
			runOnlyForDeploymentPostprocessing = 0;
		};
/* End PBXSourcesBuildPhase section */

/* Begin PBXTargetDependency section */
		1EFE1C811B56966000396594 /* PBXTargetDependency */ = {
			isa = PBXTargetDependency;
			target = 1EFE1C671B56966000396594 /* CSSDemo */;
			targetProxy = 1EFE1C801B56966000396594 /* PBXContainerItemProxy */;
		};
/* End PBXTargetDependency section */

/* Begin PBXVariantGroup section */
		1EFE1C731B56966000396594 /* Main.storyboard */ = {
			isa = PBXVariantGroup;
			children = (
				1EFE1C741B56966000396594 /* Base */,
			);
			name = Main.storyboard;
			sourceTree = "<group>";
		};
		1EFE1C781B56966000396594 /* LaunchScreen.xib */ = {
			isa = PBXVariantGroup;
			children = (
				1EFE1C791B56966000396594 /* Base */,
			);
			name = LaunchScreen.xib;
			sourceTree = "<group>";
		};
/* End PBXVariantGroup section */

/* Begin XCBuildConfiguration section */
		1EFE1C871B56966000396594 /* Debug */ = {
			isa = XCBuildConfiguration;
			buildSettings = {
				ALWAYS_SEARCH_USER_PATHS = NO;
				CLANG_CXX_LANGUAGE_STANDARD = "gnu++0x";
				CLANG_CXX_LIBRARY = "libc++";
				CLANG_ENABLE_MODULES = YES;
				CLANG_ENABLE_OBJC_ARC = YES;
				CLANG_WARN_BOOL_CONVERSION = YES;
				CLANG_WARN_CONSTANT_CONVERSION = YES;
				CLANG_WARN_DIRECT_OBJC_ISA_USAGE = YES_ERROR;
				CLANG_WARN_EMPTY_BODY = YES;
				CLANG_WARN_ENUM_CONVERSION = YES;
				CLANG_WARN_INT_CONVERSION = YES;
				CLANG_WARN_OBJC_ROOT_CLASS = YES_ERROR;
				CLANG_WARN_UNREACHABLE_CODE = YES;
				CLANG_WARN__DUPLICATE_METHOD_MATCH = YES;
				"CODE_SIGN_IDENTITY[sdk=iphoneos*]" = "iPhone Developer";
				COPY_PHASE_STRIP = NO;
				DEBUG_INFORMATION_FORMAT = "dwarf-with-dsym";
				ENABLE_STRICT_OBJC_MSGSEND = YES;
				GCC_C_LANGUAGE_STANDARD = gnu99;
				GCC_DYNAMIC_NO_PIC = NO;
				GCC_NO_COMMON_BLOCKS = YES;
				GCC_OPTIMIZATION_LEVEL = 0;
				GCC_PREPROCESSOR_DEFINITIONS = (
					"DEBUG=1",
					"$(inherited)",
				);
				GCC_SYMBOLS_PRIVATE_EXTERN = NO;
				GCC_WARN_64_TO_32_BIT_CONVERSION = YES;
				GCC_WARN_ABOUT_RETURN_TYPE = YES_ERROR;
				GCC_WARN_UNDECLARED_SELECTOR = YES;
				GCC_WARN_UNINITIALIZED_AUTOS = YES_AGGRESSIVE;
				GCC_WARN_UNUSED_FUNCTION = YES;
				GCC_WARN_UNUSED_VARIABLE = YES;
				IPHONEOS_DEPLOYMENT_TARGET = 8.4;
				MTL_ENABLE_DEBUG_INFO = YES;
				ONLY_ACTIVE_ARCH = YES;
				SDKROOT = iphoneos;
				SWIFT_OPTIMIZATION_LEVEL = "-Onone";
				TARGETED_DEVICE_FAMILY = "1,2";
			};
			name = Debug;
		};
		1EFE1C881B56966000396594 /* Release */ = {
			isa = XCBuildConfiguration;
			buildSettings = {
				ALWAYS_SEARCH_USER_PATHS = NO;
				CLANG_CXX_LANGUAGE_STANDARD = "gnu++0x";
				CLANG_CXX_LIBRARY = "libc++";
				CLANG_ENABLE_MODULES = YES;
				CLANG_ENABLE_OBJC_ARC = YES;
				CLANG_WARN_BOOL_CONVERSION = YES;
				CLANG_WARN_CONSTANT_CONVERSION = YES;
				CLANG_WARN_DIRECT_OBJC_ISA_USAGE = YES_ERROR;
				CLANG_WARN_EMPTY_BODY = YES;
				CLANG_WARN_ENUM_CONVERSION = YES;
				CLANG_WARN_INT_CONVERSION = YES;
				CLANG_WARN_OBJC_ROOT_CLASS = YES_ERROR;
				CLANG_WARN_UNREACHABLE_CODE = YES;
				CLANG_WARN__DUPLICATE_METHOD_MATCH = YES;
				"CODE_SIGN_IDENTITY[sdk=iphoneos*]" = "iPhone Developer";
				COPY_PHASE_STRIP = NO;
				DEBUG_INFORMATION_FORMAT = "dwarf-with-dsym";
				ENABLE_NS_ASSERTIONS = NO;
				ENABLE_STRICT_OBJC_MSGSEND = YES;
				GCC_C_LANGUAGE_STANDARD = gnu99;
				GCC_NO_COMMON_BLOCKS = YES;
				GCC_WARN_64_TO_32_BIT_CONVERSION = YES;
				GCC_WARN_ABOUT_RETURN_TYPE = YES_ERROR;
				GCC_WARN_UNDECLARED_SELECTOR = YES;
				GCC_WARN_UNINITIALIZED_AUTOS = YES_AGGRESSIVE;
				GCC_WARN_UNUSED_FUNCTION = YES;
				GCC_WARN_UNUSED_VARIABLE = YES;
				IPHONEOS_DEPLOYMENT_TARGET = 8.4;
				MTL_ENABLE_DEBUG_INFO = NO;
				SDKROOT = iphoneos;
				TARGETED_DEVICE_FAMILY = "1,2";
				VALIDATE_PRODUCT = YES;
			};
			name = Release;
		};
		1EFE1C8A1B56966000396594 /* Debug */ = {
			isa = XCBuildConfiguration;
			baseConfigurationReference = 22662A5B89A933D73DE3DAE4 /* Pods-CSSDemo.debug.xcconfig */;
			buildSettings = {
				ASSETCATALOG_COMPILER_APPICON_NAME = AppIcon;
				INFOPLIST_FILE = CSSDemo/Info.plist;
				LD_RUNPATH_SEARCH_PATHS = "$(inherited) @executable_path/Frameworks";
				PRODUCT_NAME = "$(TARGET_NAME)";
			};
			name = Debug;
		};
		1EFE1C8B1B56966000396594 /* Release */ = {
			isa = XCBuildConfiguration;
			baseConfigurationReference = 8367AF4A7A56C63A92F48C59 /* Pods-CSSDemo.release.xcconfig */;
			buildSettings = {
				ASSETCATALOG_COMPILER_APPICON_NAME = AppIcon;
				INFOPLIST_FILE = CSSDemo/Info.plist;
				LD_RUNPATH_SEARCH_PATHS = "$(inherited) @executable_path/Frameworks";
				PRODUCT_NAME = "$(TARGET_NAME)";
			};
			name = Release;
		};
		1EFE1C8D1B56966000396594 /* Debug */ = {
			isa = XCBuildConfiguration;
			buildSettings = {
				BUNDLE_LOADER = "$(TEST_HOST)";
				FRAMEWORK_SEARCH_PATHS = (
					"$(SDKROOT)/Developer/Library/Frameworks",
					"$(inherited)",
				);
				GCC_PREPROCESSOR_DEFINITIONS = (
					"DEBUG=1",
					"$(inherited)",
				);
				INFOPLIST_FILE = CSSDemoTests/Info.plist;
				LD_RUNPATH_SEARCH_PATHS = "$(inherited) @executable_path/Frameworks @loader_path/Frameworks";
				PRODUCT_NAME = "$(TARGET_NAME)";
				TEST_HOST = "$(BUILT_PRODUCTS_DIR)/CSSDemo.app/CSSDemo";
			};
			name = Debug;
		};
		1EFE1C8E1B56966000396594 /* Release */ = {
			isa = XCBuildConfiguration;
			buildSettings = {
				BUNDLE_LOADER = "$(TEST_HOST)";
				FRAMEWORK_SEARCH_PATHS = (
					"$(SDKROOT)/Developer/Library/Frameworks",
					"$(inherited)",
				);
				INFOPLIST_FILE = CSSDemoTests/Info.plist;
				LD_RUNPATH_SEARCH_PATHS = "$(inherited) @executable_path/Frameworks @loader_path/Frameworks";
				PRODUCT_NAME = "$(TARGET_NAME)";
				TEST_HOST = "$(BUILT_PRODUCTS_DIR)/CSSDemo.app/CSSDemo";
			};
			name = Release;
		};
/* End XCBuildConfiguration section */

/* Begin XCConfigurationList section */
		1EFE1C631B56966000396594 /* Build configuration list for PBXProject "CSSDemo" */ = {
			isa = XCConfigurationList;
			buildConfigurations = (
				1EFE1C871B56966000396594 /* Debug */,
				1EFE1C881B56966000396594 /* Release */,
			);
			defaultConfigurationIsVisible = 0;
			defaultConfigurationName = Release;
		};
		1EFE1C891B56966000396594 /* Build configuration list for PBXNativeTarget "CSSDemo" */ = {
			isa = XCConfigurationList;
			buildConfigurations = (
				1EFE1C8A1B56966000396594 /* Debug */,
				1EFE1C8B1B56966000396594 /* Release */,
			);
			defaultConfigurationIsVisible = 0;
			defaultConfigurationName = Release;
		};
		1EFE1C8C1B56966000396594 /* Build configuration list for PBXNativeTarget "CSSDemoTests" */ = {
			isa = XCConfigurationList;
			buildConfigurations = (
				1EFE1C8D1B56966000396594 /* Debug */,
				1EFE1C8E1B56966000396594 /* Release */,
			);
			defaultConfigurationIsVisible = 0;
			defaultConfigurationName = Release;
		};
/* End XCConfigurationList section */
	};
	rootObject = 1EFE1C601B56966000396594 /* Project object */;
}
